// !$*UTF8*$!
{
	archiveVersion = 1;
	classes = {
	};
	objectVersion = 56;
	objects = {

/* Begin PBXBuildFile section */
		55EC907D2B4BF37C00851D75 /* Laba_1App.swift in Sources */ = {isa = PBXBuildFile; fileRef = 55EC907C2B4BF37C00851D75 /* Laba_1App.swift */; };
		55EC90812B4BF37D00851D75 /* Assets.xcassets in Resources */ = {isa = PBXBuildFile; fileRef = 55EC90802B4BF37D00851D75 /* Assets.xcassets */; };
		55EC90842B4BF37D00851D75 /* Preview Assets.xcassets in Resources */ = {isa = PBXBuildFile; fileRef = 55EC90832B4BF37D00851D75 /* Preview Assets.xcassets */; };
		55EC908B2B4BF54000851D75 /* AppDelegate.swift in Sources */ = {isa = PBXBuildFile; fileRef = 55EC908A2B4BF54000851D75 /* AppDelegate.swift */; };
		55EC909A2B4BF5F900851D75 /* PreviewSampleData.swift in Sources */ = {isa = PBXBuildFile; fileRef = 55EC90992B4BF5F900851D75 /* PreviewSampleData.swift */; };
		55EC909C2B4BF60700851D75 /* ModelContainerPreview.swift in Sources */ = {isa = PBXBuildFile; fileRef = 55EC909B2B4BF60700851D75 /* ModelContainerPreview.swift */; };
		55EC909E2B4BF61E00851D75 /* Cities.swift in Sources */ = {isa = PBXBuildFile; fileRef = 55EC909D2B4BF61E00851D75 /* Cities.swift */; };
		55EC90A02B4BF62300851D75 /* SampleData.swift in Sources */ = {isa = PBXBuildFile; fileRef = 55EC909F2B4BF62300851D75 /* SampleData.swift */; };
		55EC90A22B4BF62800851D75 /* LocationManager.swift in Sources */ = {isa = PBXBuildFile; fileRef = 55EC90A12B4BF62800851D75 /* LocationManager.swift */; };
		55EC90A92B4BF6FA00851D75 /* FavouriteView.swift in Sources */ = {isa = PBXBuildFile; fileRef = 55EC90A32B4BF6F700851D75 /* FavouriteView.swift */; };
		55EC90AA2B4BF6FA00851D75 /* MapView.swift in Sources */ = {isa = PBXBuildFile; fileRef = 55EC90A42B4BF6F800851D75 /* MapView.swift */; };
		55EC90AB2B4BF6FA00851D75 /* YandexMapView.swift in Sources */ = {isa = PBXBuildFile; fileRef = 55EC90A52B4BF6F800851D75 /* YandexMapView.swift */; };
		55EC90AC2B4BF6FA00851D75 /* CityList.swift in Sources */ = {isa = PBXBuildFile; fileRef = 55EC90A62B4BF6F900851D75 /* CityList.swift */; };
		55EC90AD2B4BF6FA00851D75 /* DetailView.swift in Sources */ = {isa = PBXBuildFile; fileRef = 55EC90A72B4BF6FA00851D75 /* DetailView.swift */; };
		55EC90AE2B4BF6FA00851D75 /* ContentView.swift in Sources */ = {isa = PBXBuildFile; fileRef = 55EC90A82B4BF6FA00851D75 /* ContentView.swift */; };
		5EE0F2BBF307C431B2EE13B4 /* Pods_Laba_1.framework in Frameworks */ = {isa = PBXBuildFile; fileRef = D3DF3569205C52ACCF359DC1 /* Pods_Laba_1.framework */; };
/* End PBXBuildFile section */

/* Begin PBXFileReference section */
		51604DD75580A610B1804092 /* Pods-Laba_1.debug.xcconfig */ = {isa = PBXFileReference; includeInIndex = 1; lastKnownFileType = text.xcconfig; name = "Pods-Laba_1.debug.xcconfig"; path = "Target Support Files/Pods-Laba_1/Pods-Laba_1.debug.xcconfig"; sourceTree = "<group>"; };
		55EC90792B4BF37C00851D75 /* Laba_1.app */ = {isa = PBXFileReference; explicitFileType = wrapper.application; includeInIndex = 0; path = Laba_1.app; sourceTree = BUILT_PRODUCTS_DIR; };
		55EC907C2B4BF37C00851D75 /* Laba_1App.swift */ = {isa = PBXFileReference; lastKnownFileType = sourcecode.swift; path = Laba_1App.swift; sourceTree = "<group>"; };
		55EC90802B4BF37D00851D75 /* Assets.xcassets */ = {isa = PBXFileReference; lastKnownFileType = folder.assetcatalog; path = Assets.xcassets; sourceTree = "<group>"; };
		55EC90832B4BF37D00851D75 /* Preview Assets.xcassets */ = {isa = PBXFileReference; lastKnownFileType = folder.assetcatalog; path = "Preview Assets.xcassets"; sourceTree = "<group>"; };
		55EC908A2B4BF54000851D75 /* AppDelegate.swift */ = {isa = PBXFileReference; fileEncoding = 4; lastKnownFileType = sourcecode.swift; path = AppDelegate.swift; sourceTree = "<group>"; };
		55EC90992B4BF5F900851D75 /* PreviewSampleData.swift */ = {isa = PBXFileReference; fileEncoding = 4; lastKnownFileType = sourcecode.swift; path = PreviewSampleData.swift; sourceTree = "<group>"; };
		55EC909B2B4BF60700851D75 /* ModelContainerPreview.swift */ = {isa = PBXFileReference; fileEncoding = 4; lastKnownFileType = sourcecode.swift; path = ModelContainerPreview.swift; sourceTree = "<group>"; };
		55EC909D2B4BF61E00851D75 /* Cities.swift */ = {isa = PBXFileReference; fileEncoding = 4; lastKnownFileType = sourcecode.swift; path = Cities.swift; sourceTree = "<group>"; };
		55EC909F2B4BF62300851D75 /* SampleData.swift */ = {isa = PBXFileReference; fileEncoding = 4; lastKnownFileType = sourcecode.swift; path = SampleData.swift; sourceTree = "<group>"; };
		55EC90A12B4BF62800851D75 /* LocationManager.swift */ = {isa = PBXFileReference; fileEncoding = 4; lastKnownFileType = sourcecode.swift; path = LocationManager.swift; sourceTree = "<group>"; };
		55EC90A32B4BF6F700851D75 /* FavouriteView.swift */ = {isa = PBXFileReference; fileEncoding = 4; lastKnownFileType = sourcecode.swift; path = FavouriteView.swift; sourceTree = "<group>"; };
		55EC90A42B4BF6F800851D75 /* MapView.swift */ = {isa = PBXFileReference; fileEncoding = 4; lastKnownFileType = sourcecode.swift; path = MapView.swift; sourceTree = "<group>"; };
		55EC90A52B4BF6F800851D75 /* YandexMapView.swift */ = {isa = PBXFileReference; fileEncoding = 4; lastKnownFileType = sourcecode.swift; path = YandexMapView.swift; sourceTree = "<group>"; };
		55EC90A62B4BF6F900851D75 /* CityList.swift */ = {isa = PBXFileReference; fileEncoding = 4; lastKnownFileType = sourcecode.swift; path = CityList.swift; sourceTree = "<group>"; };
		55EC90A72B4BF6FA00851D75 /* DetailView.swift */ = {isa = PBXFileReference; fileEncoding = 4; lastKnownFileType = sourcecode.swift; path = DetailView.swift; sourceTree = "<group>"; };
		55EC90A82B4BF6FA00851D75 /* ContentView.swift */ = {isa = PBXFileReference; fileEncoding = 4; lastKnownFileType = sourcecode.swift; name = ContentView.swift; path = ../../Laba/Laba/View/ContentView.swift; sourceTree = "<group>"; };
		D3DF3569205C52ACCF359DC1 /* Pods_Laba_1.framework */ = {isa = PBXFileReference; explicitFileType = wrapper.framework; includeInIndex = 0; path = Pods_Laba_1.framework; sourceTree = BUILT_PRODUCTS_DIR; };
		E75104C7D4F87CB235CBCBAD /* Pods-Laba_1.release.xcconfig */ = {isa = PBXFileReference; includeInIndex = 1; lastKnownFileType = text.xcconfig; name = "Pods-Laba_1.release.xcconfig"; path = "Target Support Files/Pods-Laba_1/Pods-Laba_1.release.xcconfig"; sourceTree = "<group>"; };
/* End PBXFileReference section */

/* Begin PBXFrameworksBuildPhase section */
		55EC90762B4BF37C00851D75 /* Frameworks */ = {
			isa = PBXFrameworksBuildPhase;
			buildActionMask = 2147483647;
			files = (
				5EE0F2BBF307C431B2EE13B4 /* Pods_Laba_1.framework in Frameworks */,
			);
			runOnlyForDeploymentPostprocessing = 0;
		};
/* End PBXFrameworksBuildPhase section */

/* Begin PBXGroup section */
		55EC90702B4BF37C00851D75 = {
			isa = PBXGroup;
			children = (
				55EC907B2B4BF37C00851D75 /* Laba_1 */,
				55EC907A2B4BF37C00851D75 /* Products */,
				71C6FADA2EFBCEC6C9E85FA8 /* Pods */,
				7395C3C309B65101E26788C1 /* Frameworks */,
			);
			sourceTree = "<group>";
		};
		55EC907A2B4BF37C00851D75 /* Products */ = {
			isa = PBXGroup;
			children = (
				55EC90792B4BF37C00851D75 /* Laba_1.app */,
			);
			name = Products;
			sourceTree = "<group>";
		};
		55EC907B2B4BF37C00851D75 /* Laba_1 */ = {
			isa = PBXGroup;
			children = (
				55EC90A62B4BF6F900851D75 /* CityList.swift */,
				55EC90A82B4BF6FA00851D75 /* ContentView.swift */,
				55EC90A72B4BF6FA00851D75 /* DetailView.swift */,
				55EC90A32B4BF6F700851D75 /* FavouriteView.swift */,
				55EC90A42B4BF6F800851D75 /* MapView.swift */,
				55EC90A52B4BF6F800851D75 /* YandexMapView.swift */,
				55EC90A12B4BF62800851D75 /* LocationManager.swift */,
				55EC909F2B4BF62300851D75 /* SampleData.swift */,
				55EC909D2B4BF61E00851D75 /* Cities.swift */,
				55EC909B2B4BF60700851D75 /* ModelContainerPreview.swift */,
				55EC90992B4BF5F900851D75 /* PreviewSampleData.swift */,
				55EC907C2B4BF37C00851D75 /* Laba_1App.swift */,
				55EC90802B4BF37D00851D75 /* Assets.xcassets */,
				55EC908A2B4BF54000851D75 /* AppDelegate.swift */,
				55EC90822B4BF37D00851D75 /* Preview Content */,
			);
			path = Laba_1;
			sourceTree = "<group>";
		};
		55EC90822B4BF37D00851D75 /* Preview Content */ = {
			isa = PBXGroup;
			children = (
				55EC90832B4BF37D00851D75 /* Preview Assets.xcassets */,
			);
			path = "Preview Content";
			sourceTree = "<group>";
		};
		71C6FADA2EFBCEC6C9E85FA8 /* Pods */ = {
			isa = PBXGroup;
			children = (
				51604DD75580A610B1804092 /* Pods-Laba_1.debug.xcconfig */,
				E75104C7D4F87CB235CBCBAD /* Pods-Laba_1.release.xcconfig */,
			);
			path = Pods;
			sourceTree = "<group>";
		};
		7395C3C309B65101E26788C1 /* Frameworks */ = {
			isa = PBXGroup;
			children = (
				D3DF3569205C52ACCF359DC1 /* Pods_Laba_1.framework */,
			);
			name = Frameworks;
			sourceTree = "<group>";
		};
/* End PBXGroup section */

/* Begin PBXNativeTarget section */
		55EC90782B4BF37C00851D75 /* Laba_1 */ = {
			isa = PBXNativeTarget;
			buildConfigurationList = 55EC90872B4BF37D00851D75 /* Build configuration list for PBXNativeTarget "Laba_1" */;
			buildPhases = (
				6CAD5E38C55CF1BD754C0306 /* [CP] Check Pods Manifest.lock */,
				55EC90752B4BF37C00851D75 /* Sources */,
				55EC90762B4BF37C00851D75 /* Frameworks */,
				55EC90772B4BF37C00851D75 /* Resources */,
				B30A9A02CED5AC802AA7D7CC /* [CP] Copy Pods Resources */,
			);
			buildRules = (
			);
			dependencies = (
			);
			name = Laba_1;
			productName = Laba_1;
			productReference = 55EC90792B4BF37C00851D75 /* Laba_1.app */;
			productType = "com.apple.product-type.application";
		};
/* End PBXNativeTarget section */

/* Begin PBXProject section */
		55EC90712B4BF37C00851D75 /* Project object */ = {
			isa = PBXProject;
			attributes = {
				BuildIndependentTargetsInParallel = 1;
				LastSwiftUpdateCheck = 1500;
				LastUpgradeCheck = 1500;
				TargetAttributes = {
					55EC90782B4BF37C00851D75 = {
						CreatedOnToolsVersion = 15.0.1;
					};
				};
			};
			buildConfigurationList = 55EC90742B4BF37C00851D75 /* Build configuration list for PBXProject "Laba_1" */;
			compatibilityVersion = "Xcode 14.0";
			developmentRegion = en;
			hasScannedForEncodings = 0;
			knownRegions = (
				en,
				Base,
			);
			mainGroup = 55EC90702B4BF37C00851D75;
			productRefGroup = 55EC907A2B4BF37C00851D75 /* Products */;
			projectDirPath = "";
			projectRoot = "";
			targets = (
				55EC90782B4BF37C00851D75 /* Laba_1 */,
			);
		};
/* End PBXProject section */

/* Begin PBXResourcesBuildPhase section */
		55EC90772B4BF37C00851D75 /* Resources */ = {
			isa = PBXResourcesBuildPhase;
			buildActionMask = 2147483647;
			files = (
				55EC90842B4BF37D00851D75 /* Preview Assets.xcassets in Resources */,
				55EC90812B4BF37D00851D75 /* Assets.xcassets in Resources */,
			);
			runOnlyForDeploymentPostprocessing = 0;
		};
/* End PBXResourcesBuildPhase section */

/* Begin PBXShellScriptBuildPhase section */
		6CAD5E38C55CF1BD754C0306 /* [CP] Check Pods Manifest.lock */ = {
			isa = PBXShellScriptBuildPhase;
			buildActionMask = 2147483647;
			files = (
			);
			inputFileListPaths = (
			);
			inputPaths = (
				"${PODS_PODFILE_DIR_PATH}/Podfile.lock",
				"${PODS_ROOT}/Manifest.lock",
			);
			name = "[CP] Check Pods Manifest.lock";
			outputFileListPaths = (
			);
			outputPaths = (
				"$(DERIVED_FILE_DIR)/Pods-Laba_1-checkManifestLockResult.txt",
			);
			runOnlyForDeploymentPostprocessing = 0;
			shellPath = /bin/sh;
			shellScript = "diff \"${PODS_PODFILE_DIR_PATH}/Podfile.lock\" \"${PODS_ROOT}/Manifest.lock\" > /dev/null\nif [ $? != 0 ] ; then\n    # print error to STDERR\n    echo \"error: The sandbox is not in sync with the Podfile.lock. Run 'pod install' or update your CocoaPods installation.\" >&2\n    exit 1\nfi\n# This output is used by Xcode 'outputs' to avoid re-running this script phase.\necho \"SUCCESS\" > \"${SCRIPT_OUTPUT_FILE_0}\"\n";
			showEnvVarsInLog = 0;
		};
		B30A9A02CED5AC802AA7D7CC /* [CP] Copy Pods Resources */ = {
			isa = PBXShellScriptBuildPhase;
			buildActionMask = 2147483647;
			files = (
			);
			inputFileListPaths = (
				"${PODS_ROOT}/Target Support Files/Pods-Laba_1/Pods-Laba_1-resources-${CONFIGURATION}-input-files.xcfilelist",
			);
			name = "[CP] Copy Pods Resources";
			outputFileListPaths = (
				"${PODS_ROOT}/Target Support Files/Pods-Laba_1/Pods-Laba_1-resources-${CONFIGURATION}-output-files.xcfilelist",
			);
			runOnlyForDeploymentPostprocessing = 0;
			shellPath = /bin/sh;
			shellScript = "\"${PODS_ROOT}/Target Support Files/Pods-Laba_1/Pods-Laba_1-resources.sh\"\n";
			showEnvVarsInLog = 0;
		};
/* End PBXShellScriptBuildPhase section */

/* Begin PBXSourcesBuildPhase section */
		55EC90752B4BF37C00851D75 /* Sources */ = {
			isa = PBXSourcesBuildPhase;
			buildActionMask = 2147483647;
			files = (
				55EC909E2B4BF61E00851D75 /* Cities.swift in Sources */,
				55EC90AB2B4BF6FA00851D75 /* YandexMapView.swift in Sources */,
				55EC90AE2B4BF6FA00851D75 /* ContentView.swift in Sources */,
				55EC90A02B4BF62300851D75 /* SampleData.swift in Sources */,
				55EC909A2B4BF5F900851D75 /* PreviewSampleData.swift in Sources */,
				55EC908B2B4BF54000851D75 /* AppDelegate.swift in Sources */,
				55EC90A22B4BF62800851D75 /* LocationManager.swift in Sources */,
				55EC90AD2B4BF6FA00851D75 /* DetailView.swift in Sources */,
				55EC909C2B4BF60700851D75 /* ModelContainerPreview.swift in Sources */,
				55EC90AA2B4BF6FA00851D75 /* MapView.swift in Sources */,
				55EC90A92B4BF6FA00851D75 /* FavouriteView.swift in Sources */,
				55EC90AC2B4BF6FA00851D75 /* CityList.swift in Sources */,
				55EC907D2B4BF37C00851D75 /* Laba_1App.swift in Sources */,
			);
			runOnlyForDeploymentPostprocessing = 0;
		};
/* End PBXSourcesBuildPhase section */

/* Begin XCBuildConfiguration section */
		55EC90852B4BF37D00851D75 /* Debug */ = {
			isa = XCBuildConfiguration;
			buildSettings = {
				ALWAYS_SEARCH_USER_PATHS = NO;
				ASSETCATALOG_COMPILER_GENERATE_SWIFT_ASSET_SYMBOL_EXTENSIONS = YES;
				CLANG_ANALYZER_NONNULL = YES;
				CLANG_ANALYZER_NUMBER_OBJECT_CONVERSION = YES_AGGRESSIVE;
				CLANG_CXX_LANGUAGE_STANDARD = "gnu++20";
				CLANG_ENABLE_MODULES = YES;
				CLANG_ENABLE_OBJC_ARC = YES;
				CLANG_ENABLE_OBJC_WEAK = YES;
				CLANG_WARN_BLOCK_CAPTURE_AUTORELEASING = YES;
				CLANG_WARN_BOOL_CONVERSION = YES;
				CLANG_WARN_COMMA = YES;
				CLANG_WARN_CONSTANT_CONVERSION = YES;
				CLANG_WARN_DEPRECATED_OBJC_IMPLEMENTATIONS = YES;
				CLANG_WARN_DIRECT_OBJC_ISA_USAGE = YES_ERROR;
				CLANG_WARN_DOCUMENTATION_COMMENTS = YES;
				CLANG_WARN_EMPTY_BODY = YES;
				CLANG_WARN_ENUM_CONVERSION = YES;
				CLANG_WARN_INFINITE_RECURSION = YES;
				CLANG_WARN_INT_CONVERSION = YES;
				CLANG_WARN_NON_LITERAL_NULL_CONVERSION = YES;
				CLANG_WARN_OBJC_IMPLICIT_RETAIN_SELF = YES;
				CLANG_WARN_OBJC_LITERAL_CONVERSION = YES;
				CLANG_WARN_OBJC_ROOT_CLASS = YES_ERROR;
				CLANG_WARN_QUOTED_INCLUDE_IN_FRAMEWORK_HEADER = YES;
				CLANG_WARN_RANGE_LOOP_ANALYSIS = YES;
				CLANG_WARN_STRICT_PROTOTYPES = YES;
				CLANG_WARN_SUSPICIOUS_MOVE = YES;
				CLANG_WARN_UNGUARDED_AVAILABILITY = YES_AGGRESSIVE;
				CLANG_WARN_UNREACHABLE_CODE = YES;
				CLANG_WARN__DUPLICATE_METHOD_MATCH = YES;
				COPY_PHASE_STRIP = NO;
				DEBUG_INFORMATION_FORMAT = dwarf;
				ENABLE_STRICT_OBJC_MSGSEND = YES;
				ENABLE_TESTABILITY = YES;
				ENABLE_USER_SCRIPT_SANDBOXING = YES;
				GCC_C_LANGUAGE_STANDARD = gnu17;
				GCC_DYNAMIC_NO_PIC = NO;
				GCC_NO_COMMON_BLOCKS = YES;
				GCC_OPTIMIZATION_LEVEL = 0;
				GCC_PREPROCESSOR_DEFINITIONS = (
					"DEBUG=1",
					"$(inherited)",
				);
				GCC_WARN_64_TO_32_BIT_CONVERSION = YES;
				GCC_WARN_ABOUT_RETURN_TYPE = YES_ERROR;
				GCC_WARN_UNDECLARED_SELECTOR = YES;
				GCC_WARN_UNINITIALIZED_AUTOS = YES_AGGRESSIVE;
				GCC_WARN_UNUSED_FUNCTION = YES;
				GCC_WARN_UNUSED_VARIABLE = YES;
				IPHONEOS_DEPLOYMENT_TARGET = 17.0;
				LOCALIZATION_PREFERS_STRING_CATALOGS = YES;
				MTL_ENABLE_DEBUG_INFO = INCLUDE_SOURCE;
				MTL_FAST_MATH = YES;
				ONLY_ACTIVE_ARCH = YES;
				SDKROOT = iphoneos;
				SWIFT_ACTIVE_COMPILATION_CONDITIONS = "DEBUG $(inherited)";
				SWIFT_OPTIMIZATION_LEVEL = "-Onone";
			};
			name = Debug;
		};
		55EC90862B4BF37D00851D75 /* Release */ = {
			isa = XCBuildConfiguration;
			buildSettings = {
				ALWAYS_SEARCH_USER_PATHS = NO;
				ASSETCATALOG_COMPILER_GENERATE_SWIFT_ASSET_SYMBOL_EXTENSIONS = YES;
				CLANG_ANALYZER_NONNULL = YES;
				CLANG_ANALYZER_NUMBER_OBJECT_CONVERSION = YES_AGGRESSIVE;
				CLANG_CXX_LANGUAGE_STANDARD = "gnu++20";
				CLANG_ENABLE_MODULES = YES;
				CLANG_ENABLE_OBJC_ARC = YES;
				CLANG_ENABLE_OBJC_WEAK = YES;
				CLANG_WARN_BLOCK_CAPTURE_AUTORELEASING = YES;
				CLANG_WARN_BOOL_CONVERSION = YES;
				CLANG_WARN_COMMA = YES;
				CLANG_WARN_CONSTANT_CONVERSION = YES;
				CLANG_WARN_DEPRECATED_OBJC_IMPLEMENTATIONS = YES;
				CLANG_WARN_DIRECT_OBJC_ISA_USAGE = YES_ERROR;
				CLANG_WARN_DOCUMENTATION_COMMENTS = YES;
				CLANG_WARN_EMPTY_BODY = YES;
				CLANG_WARN_ENUM_CONVERSION = YES;
				CLANG_WARN_INFINITE_RECURSION = YES;
				CLANG_WARN_INT_CONVERSION = YES;
				CLANG_WARN_NON_LITERAL_NULL_CONVERSION = YES;
				CLANG_WARN_OBJC_IMPLICIT_RETAIN_SELF = YES;
				CLANG_WARN_OBJC_LITERAL_CONVERSION = YES;
				CLANG_WARN_OBJC_ROOT_CLASS = YES_ERROR;
				CLANG_WARN_QUOTED_INCLUDE_IN_FRAMEWORK_HEADER = YES;
				CLANG_WARN_RANGE_LOOP_ANALYSIS = YES;
				CLANG_WARN_STRICT_PROTOTYPES = YES;
				CLANG_WARN_SUSPICIOUS_MOVE = YES;
				CLANG_WARN_UNGUARDED_AVAILABILITY = YES_AGGRESSIVE;
				CLANG_WARN_UNREACHABLE_CODE = YES;
				CLANG_WARN__DUPLICATE_METHOD_MATCH = YES;
				COPY_PHASE_STRIP = NO;
				DEBUG_INFORMATION_FORMAT = "dwarf-with-dsym";
				ENABLE_NS_ASSERTIONS = NO;
				ENABLE_STRICT_OBJC_MSGSEND = YES;
				ENABLE_USER_SCRIPT_SANDBOXING = YES;
				GCC_C_LANGUAGE_STANDARD = gnu17;
				GCC_NO_COMMON_BLOCKS = YES;
				GCC_WARN_64_TO_32_BIT_CONVERSION = YES;
				GCC_WARN_ABOUT_RETURN_TYPE = YES_ERROR;
				GCC_WARN_UNDECLARED_SELECTOR = YES;
				GCC_WARN_UNINITIALIZED_AUTOS = YES_AGGRESSIVE;
				GCC_WARN_UNUSED_FUNCTION = YES;
				GCC_WARN_UNUSED_VARIABLE = YES;
				IPHONEOS_DEPLOYMENT_TARGET = 17.0;
				LOCALIZATION_PREFERS_STRING_CATALOGS = YES;
				MTL_ENABLE_DEBUG_INFO = NO;
				MTL_FAST_MATH = YES;
				SDKROOT = iphoneos;
				SWIFT_COMPILATION_MODE = wholemodule;
				VALIDATE_PRODUCT = YES;
			};
			name = Release;
		};
		55EC90882B4BF37D00851D75 /* Debug */ = {
			isa = XCBuildConfiguration;
			baseConfigurationReference = 51604DD75580A610B1804092 /* Pods-Laba_1.debug.xcconfig */;
			buildSettings = {
				ASSETCATALOG_COMPILER_APPICON_NAME = AppIcon;
				ASSETCATALOG_COMPILER_GLOBAL_ACCENT_COLOR_NAME = AccentColor;
				CODE_SIGN_STYLE = Automatic;
				CURRENT_PROJECT_VERSION = 1;
				DEVELOPMENT_ASSET_PATHS = "\"Laba_1/Preview Content\"";
				ENABLE_APP_SANDBOX = NO;
				ENABLE_PREVIEWS = YES;
				ENABLE_USER_SCRIPT_SANDBOXING = NO;
				GENERATE_INFOPLIST_FILE = YES;
				INFOPLIST_KEY_NSLocationWhenInUseUsageDescription = application;
				INFOPLIST_KEY_UIApplicationSceneManifest_Generation = YES;
				INFOPLIST_KEY_UIApplicationSupportsIndirectInputEvents = YES;
				INFOPLIST_KEY_UILaunchScreen_Generation = YES;
				INFOPLIST_KEY_UISupportedInterfaceOrientations_iPad = "UIInterfaceOrientationPortrait UIInterfaceOrientationPortraitUpsideDown UIInterfaceOrientationLandscapeLeft UIInterfaceOrientationLandscapeRight";
				INFOPLIST_KEY_UISupportedInterfaceOrientations_iPhone = "UIInterfaceOrientationPortrait UIInterfaceOrientationLandscapeLeft UIInterfaceOrientationLandscapeRight";
				LD_RUNPATH_SEARCH_PATHS = (
					"$(inherited)",
					"@executable_path/Frameworks",
				);
				MARKETING_VERSION = 1.0;
				PRODUCT_BUNDLE_IDENTIFIER = "com.mycompany.Laba-1";
				PRODUCT_NAME = "$(TARGET_NAME)";
				SWIFT_EMIT_LOC_STRINGS = YES;
				SWIFT_VERSION = 5.0;
				TARGETED_DEVICE_FAMILY = "1,2";
			};
			name = Debug;
		};
		55EC90892B4BF37D00851D75 /* Release */ = {
			isa = XCBuildConfiguration;
			baseConfigurationReference = E75104C7D4F87CB235CBCBAD /* Pods-Laba_1.release.xcconfig */;
			buildSettings = {
				ASSETCATALOG_COMPILER_APPICON_NAME = AppIcon;
				ASSETCATALOG_COMPILER_GLOBAL_ACCENT_COLOR_NAME = AccentColor;
				CODE_SIGN_STYLE = Automatic;
				CURRENT_PROJECT_VERSION = 1;
				DEVELOPMENT_ASSET_PATHS = "\"Laba_1/Preview Content\"";
				ENABLE_APP_SANDBOX = NO;
				ENABLE_PREVIEWS = YES;
				ENABLE_USER_SCRIPT_SANDBOXING = NO;
				GENERATE_INFOPLIST_FILE = YES;
				INFOPLIST_KEY_NSLocationWhenInUseUsageDescription = application;
				INFOPLIST_KEY_UIApplicationSceneManifest_Generation = YES;
				INFOPLIST_KEY_UIApplicationSupportsIndirectInputEvents = YES;
				INFOPLIST_KEY_UILaunchScreen_Generation = YES;
				INFOPLIST_KEY_UISupportedInterfaceOrientations_iPad = "UIInterfaceOrientationPortrait UIInterfaceOrientationPortraitUpsideDown UIInterfaceOrientationLandscapeLeft UIInterfaceOrientationLandscapeRight";
				INFOPLIST_KEY_UISupportedInterfaceOrientations_iPhone = "UIInterfaceOrientationPortrait UIInterfaceOrientationLandscapeLeft UIInterfaceOrientationLandscapeRight";
				LD_RUNPATH_SEARCH_PATHS = (
					"$(inherited)",
					"@executable_path/Frameworks",
				);
				MARKETING_VERSION = 1.0;
				PRODUCT_BUNDLE_IDENTIFIER = "com.mycompany.Laba-1";
				PRODUCT_NAME = "$(TARGET_NAME)";
				SWIFT_EMIT_LOC_STRINGS = YES;
				SWIFT_VERSION = 5.0;
				TARGETED_DEVICE_FAMILY = "1,2";
			};
			name = Release;
		};
/* End XCBuildConfiguration section */

/* Begin XCConfigurationList section */
		55EC90742B4BF37C00851D75 /* Build configuration list for PBXProject "Laba_1" */ = {
			isa = XCConfigurationList;
			buildConfigurations = (
				55EC90852B4BF37D00851D75 /* Debug */,
				55EC90862B4BF37D00851D75 /* Release */,
			);
			defaultConfigurationIsVisible = 0;
			defaultConfigurationName = Release;
		};
		55EC90872B4BF37D00851D75 /* Build configuration list for PBXNativeTarget "Laba_1" */ = {
			isa = XCConfigurationList;
			buildConfigurations = (
				55EC90882B4BF37D00851D75 /* Debug */,
				55EC90892B4BF37D00851D75 /* Release */,
			);
			defaultConfigurationIsVisible = 0;
			defaultConfigurationName = Release;
		};
/* End XCConfigurationList section */
	};
	rootObject = 55EC90712B4BF37C00851D75 /* Project object */;
}
